// !$*UTF8*$!
{
	archiveVersion = 1;
	classes = {
	};
	objectVersion = 56;
	objects = {

/* Begin PBXBuildFile section */
		49A8E2F52ABAB294006E702C /* RepoListCoordinator.swift in Sources */ = {isa = PBXBuildFile; fileRef = 49A8E2F42ABAB294006E702C /* RepoListCoordinator.swift */; };
		49A8E2F82ABAB315006E702C /* RepoListView.swift in Sources */ = {isa = PBXBuildFile; fileRef = 49A8E2F72ABAB315006E702C /* RepoListView.swift */; };
		49A8E2FA2ABAB32E006E702C /* RepoListViewModel.swift in Sources */ = {isa = PBXBuildFile; fileRef = 49A8E2F92ABAB32E006E702C /* RepoListViewModel.swift */; };
		49A8E2FC2ABAB345006E702C /* RepoCell.swift in Sources */ = {isa = PBXBuildFile; fileRef = 49A8E2FB2ABAB345006E702C /* RepoCell.swift */; };
		49A8E2FF2ABAB3D5006E702C /* Repo.swift in Sources */ = {isa = PBXBuildFile; fileRef = 49A8E2FE2ABAB3D5006E702C /* Repo.swift */; };
		49A8E3012ABAB3F6006E702C /* User.swift in Sources */ = {isa = PBXBuildFile; fileRef = 49A8E3002ABAB3F6006E702C /* User.swift */; };
		49A8E3042ABAB441006E702C /* Container.swift in Sources */ = {isa = PBXBuildFile; fileRef = 49A8E3032ABAB441006E702C /* Container.swift */; };
		49A8E3072ABAB488006E702C /* GithubRouter.swift in Sources */ = {isa = PBXBuildFile; fileRef = 49A8E3062ABAB488006E702C /* GithubRouter.swift */; };
		49A8E3092ABAB4A0006E702C /* GithubNetworkProvider.swift in Sources */ = {isa = PBXBuildFile; fileRef = 49A8E3082ABAB4A0006E702C /* GithubNetworkProvider.swift */; };
		49A8E30C2ABAB7F6006E702C /* NetworkUtils.swift in Sources */ = {isa = PBXBuildFile; fileRef = 49A8E30B2ABAB7F6006E702C /* NetworkUtils.swift */; };
		49A8E30E2ABAB807006E702C /* NetworkProvider.swift in Sources */ = {isa = PBXBuildFile; fileRef = 49A8E30D2ABAB807006E702C /* NetworkProvider.swift */; };
		49A8E3102ABAB81C006E702C /* NetworkClient.swift in Sources */ = {isa = PBXBuildFile; fileRef = 49A8E30F2ABAB81C006E702C /* NetworkClient.swift */; };
		49A8E3132ABAB8C4006E702C /* Alamofire in Frameworks */ = {isa = PBXBuildFile; productRef = 49A8E3122ABAB8C4006E702C /* Alamofire */; };
		49A8E3162ABAB961006E702C /* EmptyNavigationLink.swift in Sources */ = {isa = PBXBuildFile; fileRef = 49A8E3152ABAB961006E702C /* EmptyNavigationLink.swift */; };
		49A8E3192ABAB9B2006E702C /* View+Utils.swift in Sources */ = {isa = PBXBuildFile; fileRef = 49A8E3182ABAB9B2006E702C /* View+Utils.swift */; };
		49A8E31B2ABAB9C3006E702C /* Publisher+Utils.swift in Sources */ = {isa = PBXBuildFile; fileRef = 49A8E31A2ABAB9C3006E702C /* Publisher+Utils.swift */; };
		49A8E31D2ABAB9CE006E702C /* Binding+Utils.swift in Sources */ = {isa = PBXBuildFile; fileRef = 49A8E31C2ABAB9CE006E702C /* Binding+Utils.swift */; };
		49A8E3212ABB0CE2006E702C /* BaseCoordinator.swift in Sources */ = {isa = PBXBuildFile; fileRef = 49A8E3202ABB0CE2006E702C /* BaseCoordinator.swift */; };
		49C5BE2F2AB9B2EA00F6834F /* MVVM_CApp.swift in Sources */ = {isa = PBXBuildFile; fileRef = 49C5BE2E2AB9B2EA00F6834F /* MVVM_CApp.swift */; };
		49C5BE312AB9B2EA00F6834F /* ContentView.swift in Sources */ = {isa = PBXBuildFile; fileRef = 49C5BE302AB9B2EA00F6834F /* ContentView.swift */; };
		49C5BE332AB9B2EB00F6834F /* Assets.xcassets in Resources */ = {isa = PBXBuildFile; fileRef = 49C5BE322AB9B2EB00F6834F /* Assets.xcassets */; };
		49C5BE372AB9B2EB00F6834F /* Preview Assets.xcassets in Resources */ = {isa = PBXBuildFile; fileRef = 49C5BE362AB9B2EB00F6834F /* Preview Assets.xcassets */; };
		49C5BE412AB9B2EB00F6834F /* MVVM_CTests.swift in Sources */ = {isa = PBXBuildFile; fileRef = 49C5BE402AB9B2EB00F6834F /* MVVM_CTests.swift */; };
		49C5BE4B2AB9B2EB00F6834F /* MVVM_CUITests.swift in Sources */ = {isa = PBXBuildFile; fileRef = 49C5BE4A2AB9B2EB00F6834F /* MVVM_CUITests.swift */; };
		49C5BE4D2AB9B2EB00F6834F /* MVVM_CUITestsLaunchTests.swift in Sources */ = {isa = PBXBuildFile; fileRef = 49C5BE4C2AB9B2EB00F6834F /* MVVM_CUITestsLaunchTests.swift */; };
/* End PBXBuildFile section */

/* Begin PBXContainerItemProxy section */
		49C5BE3D2AB9B2EB00F6834F /* PBXContainerItemProxy */ = {
			isa = PBXContainerItemProxy;
			containerPortal = 49C5BE232AB9B2EA00F6834F /* Project object */;
			proxyType = 1;
			remoteGlobalIDString = 49C5BE2A2AB9B2EA00F6834F;
			remoteInfo = "MVVM-C";
		};
		49C5BE472AB9B2EB00F6834F /* PBXContainerItemProxy */ = {
			isa = PBXContainerItemProxy;
			containerPortal = 49C5BE232AB9B2EA00F6834F /* Project object */;
			proxyType = 1;
			remoteGlobalIDString = 49C5BE2A2AB9B2EA00F6834F;
			remoteInfo = "MVVM-C";
		};
/* End PBXContainerItemProxy section */

/* Begin PBXFileReference section */
		49A8E2F42ABAB294006E702C /* RepoListCoordinator.swift */ = {isa = PBXFileReference; lastKnownFileType = sourcecode.swift; path = RepoListCoordinator.swift; sourceTree = "<group>"; };
		49A8E2F72ABAB315006E702C /* RepoListView.swift */ = {isa = PBXFileReference; lastKnownFileType = sourcecode.swift; path = RepoListView.swift; sourceTree = "<group>"; };
		49A8E2F92ABAB32E006E702C /* RepoListViewModel.swift */ = {isa = PBXFileReference; lastKnownFileType = sourcecode.swift; path = RepoListViewModel.swift; sourceTree = "<group>"; };
		49A8E2FB2ABAB345006E702C /* RepoCell.swift */ = {isa = PBXFileReference; lastKnownFileType = sourcecode.swift; path = RepoCell.swift; sourceTree = "<group>"; };
		49A8E2FE2ABAB3D5006E702C /* Repo.swift */ = {isa = PBXFileReference; lastKnownFileType = sourcecode.swift; path = Repo.swift; sourceTree = "<group>"; };
		49A8E3002ABAB3F6006E702C /* User.swift */ = {isa = PBXFileReference; lastKnownFileType = sourcecode.swift; path = User.swift; sourceTree = "<group>"; };
		49A8E3032ABAB441006E702C /* Container.swift */ = {isa = PBXFileReference; lastKnownFileType = sourcecode.swift; path = Container.swift; sourceTree = "<group>"; };
		49A8E3062ABAB488006E702C /* GithubRouter.swift */ = {isa = PBXFileReference; lastKnownFileType = sourcecode.swift; path = GithubRouter.swift; sourceTree = "<group>"; };
		49A8E3082ABAB4A0006E702C /* GithubNetworkProvider.swift */ = {isa = PBXFileReference; lastKnownFileType = sourcecode.swift; path = GithubNetworkProvider.swift; sourceTree = "<group>"; };
		49A8E30B2ABAB7F6006E702C /* NetworkUtils.swift */ = {isa = PBXFileReference; lastKnownFileType = sourcecode.swift; path = NetworkUtils.swift; sourceTree = "<group>"; };
		49A8E30D2ABAB807006E702C /* NetworkProvider.swift */ = {isa = PBXFileReference; lastKnownFileType = sourcecode.swift; path = NetworkProvider.swift; sourceTree = "<group>"; };
		49A8E30F2ABAB81C006E702C /* NetworkClient.swift */ = {isa = PBXFileReference; lastKnownFileType = sourcecode.swift; path = NetworkClient.swift; sourceTree = "<group>"; };
		49A8E3152ABAB961006E702C /* EmptyNavigationLink.swift */ = {isa = PBXFileReference; lastKnownFileType = sourcecode.swift; path = EmptyNavigationLink.swift; sourceTree = "<group>"; };
		49A8E3182ABAB9B2006E702C /* View+Utils.swift */ = {isa = PBXFileReference; lastKnownFileType = sourcecode.swift; path = "View+Utils.swift"; sourceTree = "<group>"; };
		49A8E31A2ABAB9C3006E702C /* Publisher+Utils.swift */ = {isa = PBXFileReference; lastKnownFileType = sourcecode.swift; path = "Publisher+Utils.swift"; sourceTree = "<group>"; };
		49A8E31C2ABAB9CE006E702C /* Binding+Utils.swift */ = {isa = PBXFileReference; lastKnownFileType = sourcecode.swift; path = "Binding+Utils.swift"; sourceTree = "<group>"; };
		49A8E3202ABB0CE2006E702C /* BaseCoordinator.swift */ = {isa = PBXFileReference; lastKnownFileType = sourcecode.swift; path = BaseCoordinator.swift; sourceTree = "<group>"; };
		49C5BE2B2AB9B2EA00F6834F /* MVVM-C.app */ = {isa = PBXFileReference; explicitFileType = wrapper.application; includeInIndex = 0; path = "MVVM-C.app"; sourceTree = BUILT_PRODUCTS_DIR; };
		49C5BE2E2AB9B2EA00F6834F /* MVVM_CApp.swift */ = {isa = PBXFileReference; lastKnownFileType = sourcecode.swift; path = MVVM_CApp.swift; sourceTree = "<group>"; };
		49C5BE302AB9B2EA00F6834F /* ContentView.swift */ = {isa = PBXFileReference; lastKnownFileType = sourcecode.swift; path = ContentView.swift; sourceTree = "<group>"; };
		49C5BE322AB9B2EB00F6834F /* Assets.xcassets */ = {isa = PBXFileReference; lastKnownFileType = folder.assetcatalog; path = Assets.xcassets; sourceTree = "<group>"; };
		49C5BE342AB9B2EB00F6834F /* MVVM_C.entitlements */ = {isa = PBXFileReference; lastKnownFileType = text.plist.entitlements; path = MVVM_C.entitlements; sourceTree = "<group>"; };
		49C5BE362AB9B2EB00F6834F /* Preview Assets.xcassets */ = {isa = PBXFileReference; lastKnownFileType = folder.assetcatalog; path = "Preview Assets.xcassets"; sourceTree = "<group>"; };
		49C5BE3C2AB9B2EB00F6834F /* MVVM-CTests.xctest */ = {isa = PBXFileReference; explicitFileType = wrapper.cfbundle; includeInIndex = 0; path = "MVVM-CTests.xctest"; sourceTree = BUILT_PRODUCTS_DIR; };
		49C5BE402AB9B2EB00F6834F /* MVVM_CTests.swift */ = {isa = PBXFileReference; lastKnownFileType = sourcecode.swift; path = MVVM_CTests.swift; sourceTree = "<group>"; };
		49C5BE462AB9B2EB00F6834F /* MVVM-CUITests.xctest */ = {isa = PBXFileReference; explicitFileType = wrapper.cfbundle; includeInIndex = 0; path = "MVVM-CUITests.xctest"; sourceTree = BUILT_PRODUCTS_DIR; };
		49C5BE4A2AB9B2EB00F6834F /* MVVM_CUITests.swift */ = {isa = PBXFileReference; lastKnownFileType = sourcecode.swift; path = MVVM_CUITests.swift; sourceTree = "<group>"; };
		49C5BE4C2AB9B2EB00F6834F /* MVVM_CUITestsLaunchTests.swift */ = {isa = PBXFileReference; lastKnownFileType = sourcecode.swift; path = MVVM_CUITestsLaunchTests.swift; sourceTree = "<group>"; };
/* End PBXFileReference section */

/* Begin PBXFrameworksBuildPhase section */
		49C5BE282AB9B2EA00F6834F /* Frameworks */ = {
			isa = PBXFrameworksBuildPhase;
			buildActionMask = 2147483647;
			files = (
				49A8E3132ABAB8C4006E702C /* Alamofire in Frameworks */,
			);
			runOnlyForDeploymentPostprocessing = 0;
		};
		49C5BE392AB9B2EB00F6834F /* Frameworks */ = {
			isa = PBXFrameworksBuildPhase;
			buildActionMask = 2147483647;
			files = (
			);
			runOnlyForDeploymentPostprocessing = 0;
		};
		49C5BE432AB9B2EB00F6834F /* Frameworks */ = {
			isa = PBXFrameworksBuildPhase;
			buildActionMask = 2147483647;
			files = (
			);
			runOnlyForDeploymentPostprocessing = 0;
		};
/* End PBXFrameworksBuildPhase section */

/* Begin PBXGroup section */
		49A8E2F22ABAB1C3006E702C /* Modules */ = {
			isa = PBXGroup;
			children = (
				49A8E2F32ABAB1CE006E702C /* RepoList */,
			);
			path = Modules;
			sourceTree = "<group>";
		};
		49A8E2F32ABAB1CE006E702C /* RepoList */ = {
			isa = PBXGroup;
			children = (
				49A8E2F62ABAB304006E702C /* RepoList */,
				49A8E2F42ABAB294006E702C /* RepoListCoordinator.swift */,
			);
			path = RepoList;
			sourceTree = "<group>";
		};
		49A8E2F62ABAB304006E702C /* RepoList */ = {
			isa = PBXGroup;
			children = (
				49A8E2F72ABAB315006E702C /* RepoListView.swift */,
				49A8E2F92ABAB32E006E702C /* RepoListViewModel.swift */,
				49A8E2FB2ABAB345006E702C /* RepoCell.swift */,
			);
			path = RepoList;
			sourceTree = "<group>";
		};
		49A8E2FD2ABAB3C6006E702C /* Models */ = {
			isa = PBXGroup;
			children = (
				49A8E2FE2ABAB3D5006E702C /* Repo.swift */,
				49A8E3002ABAB3F6006E702C /* User.swift */,
			);
			path = Models;
			sourceTree = "<group>";
		};
		49A8E3022ABAB436006E702C /* Utils */ = {
			isa = PBXGroup;
			children = (
				49A8E3032ABAB441006E702C /* Container.swift */,
			);
			path = Utils;
			sourceTree = "<group>";
		};
		49A8E3052ABAB477006E702C /* Networking */ = {
			isa = PBXGroup;
			children = (
				49A8E30A2ABAB7DF006E702C /* NetworkProvider */,
				49A8E3062ABAB488006E702C /* GithubRouter.swift */,
				49A8E3082ABAB4A0006E702C /* GithubNetworkProvider.swift */,
			);
			path = Networking;
			sourceTree = "<group>";
		};
		49A8E30A2ABAB7DF006E702C /* NetworkProvider */ = {
			isa = PBXGroup;
			children = (
				49A8E30B2ABAB7F6006E702C /* NetworkUtils.swift */,
				49A8E30D2ABAB807006E702C /* NetworkProvider.swift */,
				49A8E30F2ABAB81C006E702C /* NetworkClient.swift */,
			);
			path = NetworkProvider;
			sourceTree = "<group>";
		};
		49A8E3142ABAB94F006E702C /* Views */ = {
			isa = PBXGroup;
			children = (
				49A8E3152ABAB961006E702C /* EmptyNavigationLink.swift */,
			);
			path = Views;
			sourceTree = "<group>";
		};
		49A8E3172ABAB99F006E702C /* Extension */ = {
			isa = PBXGroup;
			children = (
				49A8E3182ABAB9B2006E702C /* View+Utils.swift */,
				49A8E31A2ABAB9C3006E702C /* Publisher+Utils.swift */,
				49A8E31C2ABAB9CE006E702C /* Binding+Utils.swift */,
			);
			path = Extension;
			sourceTree = "<group>";
		};
		49A8E31E2ABB0CB7006E702C /* Core */ = {
			isa = PBXGroup;
			children = (
				49A8E31F2ABB0CC0006E702C /* Modules */,
			);
			path = Core;
			sourceTree = "<group>";
		};
		49A8E31F2ABB0CC0006E702C /* Modules */ = {
			isa = PBXGroup;
			children = (
				49A8E3202ABB0CE2006E702C /* BaseCoordinator.swift */,
			);
			path = Modules;
			sourceTree = "<group>";
		};
		49C5BE222AB9B2EA00F6834F = {
			isa = PBXGroup;
			children = (
				49C5BE2D2AB9B2EA00F6834F /* MVVM-C */,
				49C5BE3F2AB9B2EB00F6834F /* MVVM-CTests */,
				49C5BE492AB9B2EB00F6834F /* MVVM-CUITests */,
				49C5BE2C2AB9B2EA00F6834F /* Products */,
			);
			sourceTree = "<group>";
		};
		49C5BE2C2AB9B2EA00F6834F /* Products */ = {
			isa = PBXGroup;
			children = (
				49C5BE2B2AB9B2EA00F6834F /* MVVM-C.app */,
				49C5BE3C2AB9B2EB00F6834F /* MVVM-CTests.xctest */,
				49C5BE462AB9B2EB00F6834F /* MVVM-CUITests.xctest */,
			);
			name = Products;
			sourceTree = "<group>";
		};
		49C5BE2D2AB9B2EA00F6834F /* MVVM-C */ = {
			isa = PBXGroup;
			children = (
				49A8E31E2ABB0CB7006E702C /* Core */,
				49A8E3172ABAB99F006E702C /* Extension */,
				49A8E3142ABAB94F006E702C /* Views */,
				49A8E3052ABAB477006E702C /* Networking */,
				49A8E3022ABAB436006E702C /* Utils */,
				49A8E2FD2ABAB3C6006E702C /* Models */,
				49A8E2F22ABAB1C3006E702C /* Modules */,
				49C5BE2E2AB9B2EA00F6834F /* MVVM_CApp.swift */,
				49C5BE302AB9B2EA00F6834F /* ContentView.swift */,
				49C5BE322AB9B2EB00F6834F /* Assets.xcassets */,
				49C5BE342AB9B2EB00F6834F /* MVVM_C.entitlements */,
				49C5BE352AB9B2EB00F6834F /* Preview Content */,
			);
			path = "MVVM-C";
			sourceTree = "<group>";
		};
		49C5BE352AB9B2EB00F6834F /* Preview Content */ = {
			isa = PBXGroup;
			children = (
				49C5BE362AB9B2EB00F6834F /* Preview Assets.xcassets */,
			);
			path = "Preview Content";
			sourceTree = "<group>";
		};
		49C5BE3F2AB9B2EB00F6834F /* MVVM-CTests */ = {
			isa = PBXGroup;
			children = (
				49C5BE402AB9B2EB00F6834F /* MVVM_CTests.swift */,
			);
			path = "MVVM-CTests";
			sourceTree = "<group>";
		};
		49C5BE492AB9B2EB00F6834F /* MVVM-CUITests */ = {
			isa = PBXGroup;
			children = (
				49C5BE4A2AB9B2EB00F6834F /* MVVM_CUITests.swift */,
				49C5BE4C2AB9B2EB00F6834F /* MVVM_CUITestsLaunchTests.swift */,
			);
			path = "MVVM-CUITests";
			sourceTree = "<group>";
		};
/* End PBXGroup section */

/* Begin PBXNativeTarget section */
		49C5BE2A2AB9B2EA00F6834F /* MVVM-C */ = {
			isa = PBXNativeTarget;
			buildConfigurationList = 49C5BE502AB9B2EB00F6834F /* Build configuration list for PBXNativeTarget "MVVM-C" */;
			buildPhases = (
				49C5BE272AB9B2EA00F6834F /* Sources */,
				49C5BE282AB9B2EA00F6834F /* Frameworks */,
				49C5BE292AB9B2EA00F6834F /* Resources */,
			);
			buildRules = (
			);
			dependencies = (
			);
			name = "MVVM-C";
			packageProductDependencies = (
				49A8E3122ABAB8C4006E702C /* Alamofire */,
			);
			productName = "MVVM-C";
			productReference = 49C5BE2B2AB9B2EA00F6834F /* MVVM-C.app */;
			productType = "com.apple.product-type.application";
		};
		49C5BE3B2AB9B2EB00F6834F /* MVVM-CTests */ = {
			isa = PBXNativeTarget;
			buildConfigurationList = 49C5BE532AB9B2EB00F6834F /* Build configuration list for PBXNativeTarget "MVVM-CTests" */;
			buildPhases = (
				49C5BE382AB9B2EB00F6834F /* Sources */,
				49C5BE392AB9B2EB00F6834F /* Frameworks */,
				49C5BE3A2AB9B2EB00F6834F /* Resources */,
			);
			buildRules = (
			);
			dependencies = (
				49C5BE3E2AB9B2EB00F6834F /* PBXTargetDependency */,
			);
			name = "MVVM-CTests";
			productName = "MVVM-CTests";
			productReference = 49C5BE3C2AB9B2EB00F6834F /* MVVM-CTests.xctest */;
			productType = "com.apple.product-type.bundle.unit-test";
		};
		49C5BE452AB9B2EB00F6834F /* MVVM-CUITests */ = {
			isa = PBXNativeTarget;
			buildConfigurationList = 49C5BE562AB9B2EB00F6834F /* Build configuration list for PBXNativeTarget "MVVM-CUITests" */;
			buildPhases = (
				49C5BE422AB9B2EB00F6834F /* Sources */,
				49C5BE432AB9B2EB00F6834F /* Frameworks */,
				49C5BE442AB9B2EB00F6834F /* Resources */,
			);
			buildRules = (
			);
			dependencies = (
				49C5BE482AB9B2EB00F6834F /* PBXTargetDependency */,
			);
			name = "MVVM-CUITests";
			productName = "MVVM-CUITests";
			productReference = 49C5BE462AB9B2EB00F6834F /* MVVM-CUITests.xctest */;
			productType = "com.apple.product-type.bundle.ui-testing";
		};
/* End PBXNativeTarget section */

/* Begin PBXProject section */
		49C5BE232AB9B2EA00F6834F /* Project object */ = {
			isa = PBXProject;
			attributes = {
				BuildIndependentTargetsInParallel = 1;
				LastSwiftUpdateCheck = 1430;
				LastUpgradeCheck = 1430;
				TargetAttributes = {
					49C5BE2A2AB9B2EA00F6834F = {
						CreatedOnToolsVersion = 14.3.1;
					};
					49C5BE3B2AB9B2EB00F6834F = {
						CreatedOnToolsVersion = 14.3.1;
						TestTargetID = 49C5BE2A2AB9B2EA00F6834F;
					};
					49C5BE452AB9B2EB00F6834F = {
						CreatedOnToolsVersion = 14.3.1;
						TestTargetID = 49C5BE2A2AB9B2EA00F6834F;
					};
				};
			};
			buildConfigurationList = 49C5BE262AB9B2EA00F6834F /* Build configuration list for PBXProject "MVVM-C" */;
			compatibilityVersion = "Xcode 14.0";
			developmentRegion = en;
			hasScannedForEncodings = 0;
			knownRegions = (
				en,
				Base,
			);
			mainGroup = 49C5BE222AB9B2EA00F6834F;
			packageReferences = (
				49A8E3112ABAB8C3006E702C /* XCRemoteSwiftPackageReference "Alamofire" */,
			);
			productRefGroup = 49C5BE2C2AB9B2EA00F6834F /* Products */;
			projectDirPath = "";
			projectRoot = "";
			targets = (
				49C5BE2A2AB9B2EA00F6834F /* MVVM-C */,
				49C5BE3B2AB9B2EB00F6834F /* MVVM-CTests */,
				49C5BE452AB9B2EB00F6834F /* MVVM-CUITests */,
			);
		};
/* End PBXProject section */

/* Begin PBXResourcesBuildPhase section */
		49C5BE292AB9B2EA00F6834F /* Resources */ = {
			isa = PBXResourcesBuildPhase;
			buildActionMask = 2147483647;
			files = (
				49C5BE372AB9B2EB00F6834F /* Preview Assets.xcassets in Resources */,
				49C5BE332AB9B2EB00F6834F /* Assets.xcassets in Resources */,
			);
			runOnlyForDeploymentPostprocessing = 0;
		};
		49C5BE3A2AB9B2EB00F6834F /* Resources */ = {
			isa = PBXResourcesBuildPhase;
			buildActionMask = 2147483647;
			files = (
			);
			runOnlyForDeploymentPostprocessing = 0;
		};
		49C5BE442AB9B2EB00F6834F /* Resources */ = {
			isa = PBXResourcesBuildPhase;
			buildActionMask = 2147483647;
			files = (
			);
			runOnlyForDeploymentPostprocessing = 0;
		};
/* End PBXResourcesBuildPhase section */

/* Begin PBXSourcesBuildPhase section */
		49C5BE272AB9B2EA00F6834F /* Sources */ = {
			isa = PBXSourcesBuildPhase;
			buildActionMask = 2147483647;
			files = (
				49A8E2FF2ABAB3D5006E702C /* Repo.swift in Sources */,
				49A8E3162ABAB961006E702C /* EmptyNavigationLink.swift in Sources */,
				49A8E31B2ABAB9C3006E702C /* Publisher+Utils.swift in Sources */,
				49A8E3192ABAB9B2006E702C /* View+Utils.swift in Sources */,
				49A8E30E2ABAB807006E702C /* NetworkProvider.swift in Sources */,
				49C5BE312AB9B2EA00F6834F /* ContentView.swift in Sources */,
				49C5BE2F2AB9B2EA00F6834F /* MVVM_CApp.swift in Sources */,
				49A8E2F82ABAB315006E702C /* RepoListView.swift in Sources */,
				49A8E30C2ABAB7F6006E702C /* NetworkUtils.swift in Sources */,
				49A8E3012ABAB3F6006E702C /* User.swift in Sources */,
				49A8E2FA2ABAB32E006E702C /* RepoListViewModel.swift in Sources */,
				49A8E3092ABAB4A0006E702C /* GithubNetworkProvider.swift in Sources */,
				49A8E2F52ABAB294006E702C /* RepoListCoordinator.swift in Sources */,
				49A8E3042ABAB441006E702C /* Container.swift in Sources */,
				49A8E3102ABAB81C006E702C /* NetworkClient.swift in Sources */,
				49A8E3212ABB0CE2006E702C /* BaseCoordinator.swift in Sources */,
				49A8E2FC2ABAB345006E702C /* RepoCell.swift in Sources */,
				49A8E3072ABAB488006E702C /* GithubRouter.swift in Sources */,
				49A8E31D2ABAB9CE006E702C /* Binding+Utils.swift in Sources */,
			);
			runOnlyForDeploymentPostprocessing = 0;
		};
		49C5BE382AB9B2EB00F6834F /* Sources */ = {
			isa = PBXSourcesBuildPhase;
			buildActionMask = 2147483647;
			files = (
				49C5BE412AB9B2EB00F6834F /* MVVM_CTests.swift in Sources */,
			);
			runOnlyForDeploymentPostprocessing = 0;
		};
		49C5BE422AB9B2EB00F6834F /* Sources */ = {
			isa = PBXSourcesBuildPhase;
			buildActionMask = 2147483647;
			files = (
				49C5BE4D2AB9B2EB00F6834F /* MVVM_CUITestsLaunchTests.swift in Sources */,
				49C5BE4B2AB9B2EB00F6834F /* MVVM_CUITests.swift in Sources */,
			);
			runOnlyForDeploymentPostprocessing = 0;
		};
/* End PBXSourcesBuildPhase section */

/* Begin PBXTargetDependency section */
		49C5BE3E2AB9B2EB00F6834F /* PBXTargetDependency */ = {
			isa = PBXTargetDependency;
			target = 49C5BE2A2AB9B2EA00F6834F /* MVVM-C */;
			targetProxy = 49C5BE3D2AB9B2EB00F6834F /* PBXContainerItemProxy */;
		};
		49C5BE482AB9B2EB00F6834F /* PBXTargetDependency */ = {
			isa = PBXTargetDependency;
			target = 49C5BE2A2AB9B2EA00F6834F /* MVVM-C */;
			targetProxy = 49C5BE472AB9B2EB00F6834F /* PBXContainerItemProxy */;
		};
/* End PBXTargetDependency section */

/* Begin XCBuildConfiguration section */
		49C5BE4E2AB9B2EB00F6834F /* Debug */ = {
			isa = XCBuildConfiguration;
			buildSettings = {
				ALWAYS_SEARCH_USER_PATHS = NO;
				CLANG_ANALYZER_NONNULL = YES;
				CLANG_ANALYZER_NUMBER_OBJECT_CONVERSION = YES_AGGRESSIVE;
				CLANG_CXX_LANGUAGE_STANDARD = "gnu++20";
				CLANG_ENABLE_MODULES = YES;
				CLANG_ENABLE_OBJC_ARC = YES;
				CLANG_ENABLE_OBJC_WEAK = YES;
				CLANG_WARN_BLOCK_CAPTURE_AUTORELEASING = YES;
				CLANG_WARN_BOOL_CONVERSION = YES;
				CLANG_WARN_COMMA = YES;
				CLANG_WARN_CONSTANT_CONVERSION = YES;
				CLANG_WARN_DEPRECATED_OBJC_IMPLEMENTATIONS = YES;
				CLANG_WARN_DIRECT_OBJC_ISA_USAGE = YES_ERROR;
				CLANG_WARN_DOCUMENTATION_COMMENTS = YES;
				CLANG_WARN_EMPTY_BODY = YES;
				CLANG_WARN_ENUM_CONVERSION = YES;
				CLANG_WARN_INFINITE_RECURSION = YES;
				CLANG_WARN_INT_CONVERSION = YES;
				CLANG_WARN_NON_LITERAL_NULL_CONVERSION = YES;
				CLANG_WARN_OBJC_IMPLICIT_RETAIN_SELF = YES;
				CLANG_WARN_OBJC_LITERAL_CONVERSION = YES;
				CLANG_WARN_OBJC_ROOT_CLASS = YES_ERROR;
				CLANG_WARN_QUOTED_INCLUDE_IN_FRAMEWORK_HEADER = YES;
				CLANG_WARN_RANGE_LOOP_ANALYSIS = YES;
				CLANG_WARN_STRICT_PROTOTYPES = YES;
				CLANG_WARN_SUSPICIOUS_MOVE = YES;
				CLANG_WARN_UNGUARDED_AVAILABILITY = YES_AGGRESSIVE;
				CLANG_WARN_UNREACHABLE_CODE = YES;
				CLANG_WARN__DUPLICATE_METHOD_MATCH = YES;
				COPY_PHASE_STRIP = NO;
				DEBUG_INFORMATION_FORMAT = dwarf;
				ENABLE_STRICT_OBJC_MSGSEND = YES;
				ENABLE_TESTABILITY = YES;
				GCC_C_LANGUAGE_STANDARD = gnu11;
				GCC_DYNAMIC_NO_PIC = NO;
				GCC_NO_COMMON_BLOCKS = YES;
				GCC_OPTIMIZATION_LEVEL = 0;
				GCC_PREPROCESSOR_DEFINITIONS = (
					"DEBUG=1",
					"$(inherited)",
				);
				GCC_WARN_64_TO_32_BIT_CONVERSION = YES;
				GCC_WARN_ABOUT_RETURN_TYPE = YES_ERROR;
				GCC_WARN_UNDECLARED_SELECTOR = YES;
				GCC_WARN_UNINITIALIZED_AUTOS = YES_AGGRESSIVE;
				GCC_WARN_UNUSED_FUNCTION = YES;
				GCC_WARN_UNUSED_VARIABLE = YES;
				MTL_ENABLE_DEBUG_INFO = INCLUDE_SOURCE;
				MTL_FAST_MATH = YES;
				ONLY_ACTIVE_ARCH = YES;
				SWIFT_ACTIVE_COMPILATION_CONDITIONS = DEBUG;
				SWIFT_OPTIMIZATION_LEVEL = "-Onone";
			};
			name = Debug;
		};
		49C5BE4F2AB9B2EB00F6834F /* Release */ = {
			isa = XCBuildConfiguration;
			buildSettings = {
				ALWAYS_SEARCH_USER_PATHS = NO;
				CLANG_ANALYZER_NONNULL = YES;
				CLANG_ANALYZER_NUMBER_OBJECT_CONVERSION = YES_AGGRESSIVE;
				CLANG_CXX_LANGUAGE_STANDARD = "gnu++20";
				CLANG_ENABLE_MODULES = YES;
				CLANG_ENABLE_OBJC_ARC = YES;
				CLANG_ENABLE_OBJC_WEAK = YES;
				CLANG_WARN_BLOCK_CAPTURE_AUTORELEASING = YES;
				CLANG_WARN_BOOL_CONVERSION = YES;
				CLANG_WARN_COMMA = YES;
				CLANG_WARN_CONSTANT_CONVERSION = YES;
				CLANG_WARN_DEPRECATED_OBJC_IMPLEMENTATIONS = YES;
				CLANG_WARN_DIRECT_OBJC_ISA_USAGE = YES_ERROR;
				CLANG_WARN_DOCUMENTATION_COMMENTS = YES;
				CLANG_WARN_EMPTY_BODY = YES;
				CLANG_WARN_ENUM_CONVERSION = YES;
				CLANG_WARN_INFINITE_RECURSION = YES;
				CLANG_WARN_INT_CONVERSION = YES;
				CLANG_WARN_NON_LITERAL_NULL_CONVERSION = YES;
				CLANG_WARN_OBJC_IMPLICIT_RETAIN_SELF = YES;
				CLANG_WARN_OBJC_LITERAL_CONVERSION = YES;
				CLANG_WARN_OBJC_ROOT_CLASS = YES_ERROR;
				CLANG_WARN_QUOTED_INCLUDE_IN_FRAMEWORK_HEADER = YES;
				CLANG_WARN_RANGE_LOOP_ANALYSIS = YES;
				CLANG_WARN_STRICT_PROTOTYPES = YES;
				CLANG_WARN_SUSPICIOUS_MOVE = YES;
				CLANG_WARN_UNGUARDED_AVAILABILITY = YES_AGGRESSIVE;
				CLANG_WARN_UNREACHABLE_CODE = YES;
				CLANG_WARN__DUPLICATE_METHOD_MATCH = YES;
				COPY_PHASE_STRIP = NO;
				DEBUG_INFORMATION_FORMAT = "dwarf-with-dsym";
				ENABLE_NS_ASSERTIONS = NO;
				ENABLE_STRICT_OBJC_MSGSEND = YES;
				GCC_C_LANGUAGE_STANDARD = gnu11;
				GCC_NO_COMMON_BLOCKS = YES;
				GCC_WARN_64_TO_32_BIT_CONVERSION = YES;
				GCC_WARN_ABOUT_RETURN_TYPE = YES_ERROR;
				GCC_WARN_UNDECLARED_SELECTOR = YES;
				GCC_WARN_UNINITIALIZED_AUTOS = YES_AGGRESSIVE;
				GCC_WARN_UNUSED_FUNCTION = YES;
				GCC_WARN_UNUSED_VARIABLE = YES;
				MTL_ENABLE_DEBUG_INFO = NO;
				MTL_FAST_MATH = YES;
				SWIFT_COMPILATION_MODE = wholemodule;
				SWIFT_OPTIMIZATION_LEVEL = "-O";
			};
			name = Release;
		};
		49C5BE512AB9B2EB00F6834F /* Debug */ = {
			isa = XCBuildConfiguration;
			buildSettings = {
				ASSETCATALOG_COMPILER_APPICON_NAME = AppIcon;
				ASSETCATALOG_COMPILER_GLOBAL_ACCENT_COLOR_NAME = AccentColor;
				CODE_SIGN_ENTITLEMENTS = "MVVM-C/MVVM_C.entitlements";
				CODE_SIGN_STYLE = Automatic;
				CURRENT_PROJECT_VERSION = 1;
				DEVELOPMENT_ASSET_PATHS = "\"MVVM-C/Preview Content\"";
				ENABLE_PREVIEWS = YES;
				GENERATE_INFOPLIST_FILE = YES;
				"INFOPLIST_KEY_UIApplicationSceneManifest_Generation[sdk=iphoneos*]" = YES;
				"INFOPLIST_KEY_UIApplicationSceneManifest_Generation[sdk=iphonesimulator*]" = YES;
				"INFOPLIST_KEY_UIApplicationSupportsIndirectInputEvents[sdk=iphoneos*]" = YES;
				"INFOPLIST_KEY_UIApplicationSupportsIndirectInputEvents[sdk=iphonesimulator*]" = YES;
				"INFOPLIST_KEY_UILaunchScreen_Generation[sdk=iphoneos*]" = YES;
				"INFOPLIST_KEY_UILaunchScreen_Generation[sdk=iphonesimulator*]" = YES;
				"INFOPLIST_KEY_UIStatusBarStyle[sdk=iphoneos*]" = UIStatusBarStyleDefault;
				"INFOPLIST_KEY_UIStatusBarStyle[sdk=iphonesimulator*]" = UIStatusBarStyleDefault;
				INFOPLIST_KEY_UISupportedInterfaceOrientations_iPad = "UIInterfaceOrientationPortrait UIInterfaceOrientationPortraitUpsideDown UIInterfaceOrientationLandscapeLeft UIInterfaceOrientationLandscapeRight";
				INFOPLIST_KEY_UISupportedInterfaceOrientations_iPhone = "UIInterfaceOrientationPortrait UIInterfaceOrientationLandscapeLeft UIInterfaceOrientationLandscapeRight";
				IPHONEOS_DEPLOYMENT_TARGET = 16.4;
				LD_RUNPATH_SEARCH_PATHS = "@executable_path/Frameworks";
				"LD_RUNPATH_SEARCH_PATHS[sdk=macosx*]" = "@executable_path/../Frameworks";
				MACOSX_DEPLOYMENT_TARGET = 13.3;
				MARKETING_VERSION = 1.0;
				PRODUCT_BUNDLE_IDENTIFIER = "com.cleanArchitecture.MVVM-C";
				PRODUCT_NAME = "$(TARGET_NAME)";
				SDKROOT = auto;
				SUPPORTED_PLATFORMS = "iphoneos iphonesimulator macosx";
				SWIFT_EMIT_LOC_STRINGS = YES;
				SWIFT_VERSION = 5.0;
				TARGETED_DEVICE_FAMILY = "1,2";
			};
			name = Debug;
		};
		49C5BE522AB9B2EB00F6834F /* Release */ = {
			isa = XCBuildConfiguration;
			buildSettings = {
				ASSETCATALOG_COMPILER_APPICON_NAME = AppIcon;
				ASSETCATALOG_COMPILER_GLOBAL_ACCENT_COLOR_NAME = AccentColor;
				CODE_SIGN_ENTITLEMENTS = "MVVM-C/MVVM_C.entitlements";
				CODE_SIGN_STYLE = Automatic;
				CURRENT_PROJECT_VERSION = 1;
				DEVELOPMENT_ASSET_PATHS = "\"MVVM-C/Preview Content\"";
				ENABLE_PREVIEWS = YES;
				GENERATE_INFOPLIST_FILE = YES;
				"INFOPLIST_KEY_UIApplicationSceneManifest_Generation[sdk=iphoneos*]" = YES;
				"INFOPLIST_KEY_UIApplicationSceneManifest_Generation[sdk=iphonesimulator*]" = YES;
				"INFOPLIST_KEY_UIApplicationSupportsIndirectInputEvents[sdk=iphoneos*]" = YES;
				"INFOPLIST_KEY_UIApplicationSupportsIndirectInputEvents[sdk=iphonesimulator*]" = YES;
				"INFOPLIST_KEY_UILaunchScreen_Generation[sdk=iphoneos*]" = YES;
				"INFOPLIST_KEY_UILaunchScreen_Generation[sdk=iphonesimulator*]" = YES;
				"INFOPLIST_KEY_UIStatusBarStyle[sdk=iphoneos*]" = UIStatusBarStyleDefault;
				"INFOPLIST_KEY_UIStatusBarStyle[sdk=iphonesimulator*]" = UIStatusBarStyleDefault;
				INFOPLIST_KEY_UISupportedInterfaceOrientations_iPad = "UIInterfaceOrientationPortrait UIInterfaceOrientationPortraitUpsideDown UIInterfaceOrientationLandscapeLeft UIInterfaceOrientationLandscapeRight";
				INFOPLIST_KEY_UISupportedInterfaceOrientations_iPhone = "UIInterfaceOrientationPortrait UIInterfaceOrientationLandscapeLeft UIInterfaceOrientationLandscapeRight";
				IPHONEOS_DEPLOYMENT_TARGET = 16.4;
				LD_RUNPATH_SEARCH_PATHS = "@executable_path/Frameworks";
				"LD_RUNPATH_SEARCH_PATHS[sdk=macosx*]" = "@executable_path/../Frameworks";
				MACOSX_DEPLOYMENT_TARGET = 13.3;
				MARKETING_VERSION = 1.0;
				PRODUCT_BUNDLE_IDENTIFIER = "com.cleanArchitecture.MVVM-C";
				PRODUCT_NAME = "$(TARGET_NAME)";
				SDKROOT = auto;
				SUPPORTED_PLATFORMS = "iphoneos iphonesimulator macosx";
				SWIFT_EMIT_LOC_STRINGS = YES;
				SWIFT_VERSION = 5.0;
				TARGETED_DEVICE_FAMILY = "1,2";
			};
			name = Release;
		};
		49C5BE542AB9B2EB00F6834F /* Debug */ = {
			isa = XCBuildConfiguration;
			buildSettings = {
				ALWAYS_EMBED_SWIFT_STANDARD_LIBRARIES = YES;
				BUNDLE_LOADER = "$(TEST_HOST)";
				CODE_SIGN_STYLE = Automatic;
				CURRENT_PROJECT_VERSION = 1;
				GENERATE_INFOPLIST_FILE = YES;
				IPHONEOS_DEPLOYMENT_TARGET = 16.4;
				MACOSX_DEPLOYMENT_TARGET = 13.3;
				MARKETING_VERSION = 1.0;
				PRODUCT_BUNDLE_IDENTIFIER = "com.cleanArchitecture.MVVM-CTests";
				PRODUCT_NAME = "$(TARGET_NAME)";
				SDKROOT = auto;
				SUPPORTED_PLATFORMS = "iphoneos iphonesimulator macosx";
				SWIFT_EMIT_LOC_STRINGS = NO;
				SWIFT_VERSION = 5.0;
				TARGETED_DEVICE_FAMILY = "1,2";
				TEST_HOST = "$(BUILT_PRODUCTS_DIR)/MVVM-C.app/$(BUNDLE_EXECUTABLE_FOLDER_PATH)/MVVM-C";
			};
			name = Debug;
		};
		49C5BE552AB9B2EB00F6834F /* Release */ = {
			isa = XCBuildConfiguration;
			buildSettings = {
				ALWAYS_EMBED_SWIFT_STANDARD_LIBRARIES = YES;
				BUNDLE_LOADER = "$(TEST_HOST)";
				CODE_SIGN_STYLE = Automatic;
				CURRENT_PROJECT_VERSION = 1;
				GENERATE_INFOPLIST_FILE = YES;
				IPHONEOS_DEPLOYMENT_TARGET = 16.4;
				MACOSX_DEPLOYMENT_TARGET = 13.3;
				MARKETING_VERSION = 1.0;
				PRODUCT_BUNDLE_IDENTIFIER = "com.cleanArchitecture.MVVM-CTests";
				PRODUCT_NAME = "$(TARGET_NAME)";
				SDKROOT = auto;
				SUPPORTED_PLATFORMS = "iphoneos iphonesimulator macosx";
				SWIFT_EMIT_LOC_STRINGS = NO;
				SWIFT_VERSION = 5.0;
				TARGETED_DEVICE_FAMILY = "1,2";
				TEST_HOST = "$(BUILT_PRODUCTS_DIR)/MVVM-C.app/$(BUNDLE_EXECUTABLE_FOLDER_PATH)/MVVM-C";
			};
			name = Release;
		};
		49C5BE572AB9B2EB00F6834F /* Debug */ = {
			isa = XCBuildConfiguration;
			buildSettings = {
				ALWAYS_EMBED_SWIFT_STANDARD_LIBRARIES = YES;
				CODE_SIGN_STYLE = Automatic;
				CURRENT_PROJECT_VERSION = 1;
				GENERATE_INFOPLIST_FILE = YES;
				IPHONEOS_DEPLOYMENT_TARGET = 16.4;
				MACOSX_DEPLOYMENT_TARGET = 13.3;
				MARKETING_VERSION = 1.0;
				PRODUCT_BUNDLE_IDENTIFIER = "com.cleanArchitecture.MVVM-CUITests";
				PRODUCT_NAME = "$(TARGET_NAME)";
				SDKROOT = auto;
				SUPPORTED_PLATFORMS = "iphoneos iphonesimulator macosx";
				SWIFT_EMIT_LOC_STRINGS = NO;
				SWIFT_VERSION = 5.0;
				TARGETED_DEVICE_FAMILY = "1,2";
				TEST_TARGET_NAME = "MVVM-C";
			};
			name = Debug;
		};
		49C5BE582AB9B2EB00F6834F /* Release */ = {
			isa = XCBuildConfiguration;
			buildSettings = {
				ALWAYS_EMBED_SWIFT_STANDARD_LIBRARIES = YES;
				CODE_SIGN_STYLE = Automatic;
				CURRENT_PROJECT_VERSION = 1;
				GENERATE_INFOPLIST_FILE = YES;
				IPHONEOS_DEPLOYMENT_TARGET = 16.4;
				MACOSX_DEPLOYMENT_TARGET = 13.3;
				MARKETING_VERSION = 1.0;
				PRODUCT_BUNDLE_IDENTIFIER = "com.cleanArchitecture.MVVM-CUITests";
				PRODUCT_NAME = "$(TARGET_NAME)";
				SDKROOT = auto;
				SUPPORTED_PLATFORMS = "iphoneos iphonesimulator macosx";
				SWIFT_EMIT_LOC_STRINGS = NO;
				SWIFT_VERSION = 5.0;
				TARGETED_DEVICE_FAMILY = "1,2";
				TEST_TARGET_NAME = "MVVM-C";
			};
			name = Release;
		};
/* End XCBuildConfiguration section */

/* Begin XCConfigurationList section */
		49C5BE262AB9B2EA00F6834F /* Build configuration list for PBXProject "MVVM-C" */ = {
			isa = XCConfigurationList;
			buildConfigurations = (
				49C5BE4E2AB9B2EB00F6834F /* Debug */,
				49C5BE4F2AB9B2EB00F6834F /* Release */,
			);
			defaultConfigurationIsVisible = 0;
			defaultConfigurationName = Release;
		};
		49C5BE502AB9B2EB00F6834F /* Build configuration list for PBXNativeTarget "MVVM-C" */ = {
			isa = XCConfigurationList;
			buildConfigurations = (
				49C5BE512AB9B2EB00F6834F /* Debug */,
				49C5BE522AB9B2EB00F6834F /* Release */,
			);
			defaultConfigurationIsVisible = 0;
			defaultConfigurationName = Release;
		};
		49C5BE532AB9B2EB00F6834F /* Build configuration list for PBXNativeTarget "MVVM-CTests" */ = {
			isa = XCConfigurationList;
			buildConfigurations = (
				49C5BE542AB9B2EB00F6834F /* Debug */,
				49C5BE552AB9B2EB00F6834F /* Release */,
			);
			defaultConfigurationIsVisible = 0;
			defaultConfigurationName = Release;
		};
		49C5BE562AB9B2EB00F6834F /* Build configuration list for PBXNativeTarget "MVVM-CUITests" */ = {
			isa = XCConfigurationList;
			buildConfigurations = (
				49C5BE572AB9B2EB00F6834F /* Debug */,
				49C5BE582AB9B2EB00F6834F /* Release */,
			);
			defaultConfigurationIsVisible = 0;
			defaultConfigurationName = Release;
		};
/* End XCConfigurationList section */

/* Begin XCRemoteSwiftPackageReference section */
		49A8E3112ABAB8C3006E702C /* XCRemoteSwiftPackageReference "Alamofire" */ = {
			isa = XCRemoteSwiftPackageReference;
			repositoryURL = "https://github.com/Alamofire/Alamofire";
			requirement = {
				kind = upToNextMajorVersion;
				minimumVersion = 5.0.0;
			};
		};
/* End XCRemoteSwiftPackageReference section */

/* Begin XCSwiftPackageProductDependency section */
		49A8E3122ABAB8C4006E702C /* Alamofire */ = {
			isa = XCSwiftPackageProductDependency;
			package = 49A8E3112ABAB8C3006E702C /* XCRemoteSwiftPackageReference "Alamofire" */;
			productName = Alamofire;
		};
/* End XCSwiftPackageProductDependency section */
	};
	rootObject = 49C5BE232AB9B2EA00F6834F /* Project object */;
}
